
Microsoft Visual Studio Solution File, Format Version 12.00
# Visual Studio Version 16
VisualStudioVersion = 16.0.30320.27
MinimumVisualStudioVersion = 10.0.40219.1
Project("{FAE04EC0-301F-11D3-BF4B-00C04F79EFBC}") = "CollectWordsUL", "CollectWordsUL.csproj", "{BA7BBFA8-66CA-432C-9434-911D7D09BE7B}"
EndProject
Global
	GlobalSection(SolutionConfigurationPlatforms) = preSolution
		Debug|Any CPU = Debug|Any CPU
		Release|Any CPU = Release|Any CPU
	EndGlobalSection
	GlobalSection(ProjectConfigurationPlatforms) = postSolution
		{BA7BBFA8-66CA-432C-9434-911D7D09BE7B}.Debug|Any CPU.ActiveCfg = Debug|Any CPU
		{BA7BBFA8-66CA-432C-9434-911D7D09BE7B}.Debug|Any CPU.Build.0 = Debug|Any CPU
		{BA7BBFA8-66CA-432C-9434-911D7D09BE7B}.Release|Any CPU.ActiveCfg = Release|Any CPU
		{BA7BBFA8-66CA-432C-9434-911D7D09BE7B}.Release|Any CPU.Build.0 = Release|Any CPU
	EndGlobalSection
	GlobalSection(SolutionProperties) = preSolution
		HideSolutionNode = FALSE
	EndGlobalSection
	GlobalSection(ExtensibilityGlobals) = postSolution
		SolutionGuid = {FDF9E8EC-F3CE-457F-9F2D-43F49EC1CBF6}
	EndGlobalSection
EndGlobal
